
Microsoft Visual Studio Solution File, Format Version 12.00
# Visual Studio Version 17
VisualStudioVersion = 17.2.32630.192
MinimumVisualStudioVersion = 10.0.40219.1
Project("{FAE04EC0-301F-11D3-BF4B-00C04F79EFBC}") = "snail-poo", "snail-poo\snail-poo.csproj", "{3BA29949-0B53-4888-AF53-E70A4B834A69}"
EndProject
Global
	GlobalSection(SolutionConfigurationPlatforms) = preSolution
		Debug|Any CPU = Debug|Any CPU
		Release|Any CPU = Release|Any CPU
	EndGlobalSection
	GlobalSection(ProjectConfigurationPlatforms) = postSolution
		{3BA29949-0B53-4888-AF53-E70A4B834A69}.Debug|Any CPU.ActiveCfg = Debug|Any CPU
		{3BA29949-0B53-4888-AF53-E70A4B834A69}.Debug|Any CPU.Build.0 = Debug|Any CPU
		{3BA29949-0B53-4888-AF53-E70A4B834A69}.Release|Any CPU.ActiveCfg = Release|Any CPU
		{3BA29949-0B53-4888-AF53-E70A4B834A69}.Release|Any CPU.Build.0 = Release|Any CPU
	EndGlobalSection
	GlobalSection(SolutionProperties) = preSolution
		HideSolutionNode = FALSE
	EndGlobalSection
	GlobalSection(ExtensibilityGlobals) = postSolution
		SolutionGuid = {97D78FC3-223E-4ADE-9416-EA8DD8D853A7}
	EndGlobalSection
EndGlobal
